
Microsoft Visual Studio Solution File, Format Version 12.00
# Visual Studio Version 17
VisualStudioVersion = 17.4.33103.184
MinimumVisualStudioVersion = 10.0.40219.1
Project("{9A19103F-16F7-4668-BE54-9A1E7A4F7556}") = "CorgiShop.Api", "CorgiShop.Api\CorgiShop.Api.csproj", "{2B0BD489-9D22-4821-B816-BAE4FEEDA352}"
EndProject
Project("{9A19103F-16F7-4668-BE54-9A1E7A4F7556}") = "CorgiShop", "CorgiShop\CorgiShop.csproj", "{BE9310C9-E90C-4160-A600-BAF1E0DEAF40}"
EndProject
Project("{9A19103F-16F7-4668-BE54-9A1E7A4F7556}") = "CorgiShop.Application", "CorgiShop.Application\CorgiShop.Application.csproj", "{0DDFC0F6-4FAE-4BFB-84F8-684B657740BB}"
EndProject
Project("{9A19103F-16F7-4668-BE54-9A1E7A4F7556}") = "CorgiShop.Domain", "CorgiShop.Domain\CorgiShop.Domain.csproj", "{4FDE2982-5E7D-45F0-AA40-1D5A69130B75}"
EndProject
Project("{9A19103F-16F7-4668-BE54-9A1E7A4F7556}") = "CorgiShop.Common", "CorgiShop.Common\CorgiShop.Common.csproj", "{72E23511-5E4A-4B8D-88DF-DBA5247740E5}"
EndProject
Project("{9A19103F-16F7-4668-BE54-9A1E7A4F7556}") = "CorgiShop.Tests", "CorgiShop.Tests\CorgiShop.Tests.csproj", "{49AAA1E3-6A0D-4989-B282-D5645FCFAEFD}"
EndProject
Project("{9A19103F-16F7-4668-BE54-9A1E7A4F7556}") = "CorgiShop.DataGen", "CorgiShop.DataGen\CorgiShop.DataGen.csproj", "{903FE3BA-7CA3-4C62-AAA6-21100EFDFFF1}"
EndProject
Project("{2150E333-8FDC-42A3-9474-1A3956D46DE8}") = "Solution Items", "Solution Items", "{2BEA962B-1045-4099-977E-A0B4BD5F205F}"
EndProject
Project("{9A19103F-16F7-4668-BE54-9A1E7A4F7556}") = "CorgiShop.Pipeline", "CorgiShop.Pipeline\CorgiShop.Pipeline.csproj", "{2041A3C4-62C7-4405-8F4D-D915DDE082AE}"
EndProject
Project("{9A19103F-16F7-4668-BE54-9A1E7A4F7556}") = "CorgiShop.Application.Model", "CorgiShop.Application.Model\CorgiShop.Application.Model.csproj", "{7C39C5EB-86D4-4C60-BDFE-D05B8E10E4C4}"
EndProject
Project("{9A19103F-16F7-4668-BE54-9A1E7A4F7556}") = "CorgiShop.Pipeline.Model", "CorgiShop.Pipeline.Model\CorgiShop.Pipeline.Model.csproj", "{4AA3B5CC-B35A-4E58-92A3-D038585BA156}"
EndProject
Project("{FAE04EC0-301F-11D3-BF4B-00C04F79EFBC}") = "CorgiShop.Client.Services", "CorgiShop.Client.Services\CorgiShop.Client.Services.csproj", "{81470D10-1D47-4D6D-8207-D40600A54A7D}"
EndProject
Global
	GlobalSection(SolutionConfigurationPlatforms) = preSolution
		Debug|Any CPU = Debug|Any CPU
		Release|Any CPU = Release|Any CPU
	EndGlobalSection
	GlobalSection(ProjectConfigurationPlatforms) = postSolution
		{2B0BD489-9D22-4821-B816-BAE4FEEDA352}.Debug|Any CPU.ActiveCfg = Debug|Any CPU
		{2B0BD489-9D22-4821-B816-BAE4FEEDA352}.Debug|Any CPU.Build.0 = Debug|Any CPU
		{2B0BD489-9D22-4821-B816-BAE4FEEDA352}.Release|Any CPU.ActiveCfg = Release|Any CPU
		{2B0BD489-9D22-4821-B816-BAE4FEEDA352}.Release|Any CPU.Build.0 = Release|Any CPU
		{BE9310C9-E90C-4160-A600-BAF1E0DEAF40}.Debug|Any CPU.ActiveCfg = Debug|Any CPU
		{BE9310C9-E90C-4160-A600-BAF1E0DEAF40}.Debug|Any CPU.Build.0 = Debug|Any CPU
		{BE9310C9-E90C-4160-A600-BAF1E0DEAF40}.Release|Any CPU.ActiveCfg = Release|Any CPU
		{BE9310C9-E90C-4160-A600-BAF1E0DEAF40}.Release|Any CPU.Build.0 = Release|Any CPU
		{0DDFC0F6-4FAE-4BFB-84F8-684B657740BB}.Debug|Any CPU.ActiveCfg = Debug|Any CPU
		{0DDFC0F6-4FAE-4BFB-84F8-684B657740BB}.Debug|Any CPU.Build.0 = Debug|Any CPU
		{0DDFC0F6-4FAE-4BFB-84F8-684B657740BB}.Release|Any CPU.ActiveCfg = Release|Any CPU
		{0DDFC0F6-4FAE-4BFB-84F8-684B657740BB}.Release|Any CPU.Build.0 = Release|Any CPU
		{4FDE2982-5E7D-45F0-AA40-1D5A69130B75}.Debug|Any CPU.ActiveCfg = Debug|Any CPU
		{4FDE2982-5E7D-45F0-AA40-1D5A69130B75}.Debug|Any CPU.Build.0 = Debug|Any CPU
		{4FDE2982-5E7D-45F0-AA40-1D5A69130B75}.Release|Any CPU.ActiveCfg = Release|Any CPU
		{4FDE2982-5E7D-45F0-AA40-1D5A69130B75}.Release|Any CPU.Build.0 = Release|Any CPU
		{72E23511-5E4A-4B8D-88DF-DBA5247740E5}.Debug|Any CPU.ActiveCfg = Debug|Any CPU
		{72E23511-5E4A-4B8D-88DF-DBA5247740E5}.Debug|Any CPU.Build.0 = Debug|Any CPU
		{72E23511-5E4A-4B8D-88DF-DBA5247740E5}.Release|Any CPU.ActiveCfg = Release|Any CPU
		{72E23511-5E4A-4B8D-88DF-DBA5247740E5}.Release|Any CPU.Build.0 = Release|Any CPU
		{49AAA1E3-6A0D-4989-B282-D5645FCFAEFD}.Debug|Any CPU.ActiveCfg = Debug|Any CPU
		{49AAA1E3-6A0D-4989-B282-D5645FCFAEFD}.Debug|Any CPU.Build.0 = Debug|Any CPU
		{49AAA1E3-6A0D-4989-B282-D5645FCFAEFD}.Release|Any CPU.ActiveCfg = Release|Any CPU
		{49AAA1E3-6A0D-4989-B282-D5645FCFAEFD}.Release|Any CPU.Build.0 = Release|Any CPU
		{903FE3BA-7CA3-4C62-AAA6-21100EFDFFF1}.Debug|Any CPU.ActiveCfg = Debug|Any CPU
		{903FE3BA-7CA3-4C62-AAA6-21100EFDFFF1}.Debug|Any CPU.Build.0 = Debug|Any CPU
		{903FE3BA-7CA3-4C62-AAA6-21100EFDFFF1}.Release|Any CPU.ActiveCfg = Release|Any CPU
		{903FE3BA-7CA3-4C62-AAA6-21100EFDFFF1}.Release|Any CPU.Build.0 = Release|Any CPU
		{2041A3C4-62C7-4405-8F4D-D915DDE082AE}.Debug|Any CPU.ActiveCfg = Debug|Any CPU
		{2041A3C4-62C7-4405-8F4D-D915DDE082AE}.Debug|Any CPU.Build.0 = Debug|Any CPU
		{2041A3C4-62C7-4405-8F4D-D915DDE082AE}.Release|Any CPU.ActiveCfg = Release|Any CPU
		{2041A3C4-62C7-4405-8F4D-D915DDE082AE}.Release|Any CPU.Build.0 = Release|Any CPU
		{7C39C5EB-86D4-4C60-BDFE-D05B8E10E4C4}.Debug|Any CPU.ActiveCfg = Debug|Any CPU
		{7C39C5EB-86D4-4C60-BDFE-D05B8E10E4C4}.Debug|Any CPU.Build.0 = Debug|Any CPU
		{7C39C5EB-86D4-4C60-BDFE-D05B8E10E4C4}.Release|Any CPU.ActiveCfg = Release|Any CPU
		{7C39C5EB-86D4-4C60-BDFE-D05B8E10E4C4}.Release|Any CPU.Build.0 = Release|Any CPU
		{4AA3B5CC-B35A-4E58-92A3-D038585BA156}.Debug|Any CPU.ActiveCfg = Debug|Any CPU
		{4AA3B5CC-B35A-4E58-92A3-D038585BA156}.Debug|Any CPU.Build.0 = Debug|Any CPU
		{4AA3B5CC-B35A-4E58-92A3-D038585BA156}.Release|Any CPU.ActiveCfg = Release|Any CPU
		{4AA3B5CC-B35A-4E58-92A3-D038585BA156}.Release|Any CPU.Build.0 = Release|Any CPU
		{81470D10-1D47-4D6D-8207-D40600A54A7D}.Debug|Any CPU.ActiveCfg = Debug|Any CPU
		{81470D10-1D47-4D6D-8207-D40600A54A7D}.Debug|Any CPU.Build.0 = Debug|Any CPU
		{81470D10-1D47-4D6D-8207-D40600A54A7D}.Release|Any CPU.ActiveCfg = Release|Any CPU
		{81470D10-1D47-4D6D-8207-D40600A54A7D}.Release|Any CPU.Build.0 = Release|Any CPU
	EndGlobalSection
	GlobalSection(SolutionProperties) = preSolution
		HideSolutionNode = FALSE
	EndGlobalSection
	GlobalSection(ExtensibilityGlobals) = postSolution
		SolutionGuid = {707D544E-2052-4BAA-9986-D137E6D432AD}
	EndGlobalSection
EndGlobal
